<?xml version="1.0" encoding="utf-8"?>
<Project ToolsVersion="4.0" xmlns="http://schemas.microsoft.com/developer/msbuild/2003">
  <ItemGroup>
    <Filter Include="Source Files">
      <UniqueIdentifier>{4FC737F1-C7A5-4376-A066-2A32D752A2FF}</UniqueIdentifier>
      <Extensions>cpp;c;cc;cxx;def;odl;idl;hpj;bat;asm;asmx</Extensions>
    </Filter>
    <Filter Include="Header Files">
      <UniqueIdentifier>{93995380-89BD-4b04-88EB-625FBE52EBFB}</UniqueIdentifier>
      <Extensions>h;hpp;hxx;hm;inl;inc;xsd</Extensions>
    </Filter>
    <Filter Include="Header Files\Hook">
      <UniqueIdentifier>{c8047b45-7d6b-482d-b988-c29084d98766}</UniqueIdentifier>
    </Filter>
    <Filter Include="Source Files\Hook">
      <UniqueIdentifier>{4f5344b4-f077-4799-9670-8d2b4d489e88}</UniqueIdentifier>
    </Filter>
    <Filter Include="Resource Files">
      <UniqueIdentifier>{67DA6AB6-F800-4c08-8B7A-83BB121AAD01}</UniqueIdentifier>
      <Extensions>rc;ico;cur;bmp;dlg;rc2;rct;bin;rgs;gif;jpg;jpeg;jpe;resx;tiff;tif;png;wav;mfcribbon-ms</Extensions>
    </Filter>
  </ItemGroup>
  <ItemGroup>
    <ClCompile Include="main.cpp">
      <Filter>Source Files</Filter>
    </ClCompile>
    <ClCompile Include="Hook.cpp">
      <Filter>Source Files\Hook</Filter>
    </ClCompile>
    <ClCompile Include="AntiCheat.cpp">
      <Filter>Source Files</Filter>
    </ClCompile>
    <ClCompile Include="FileProtection.cpp">
      <Filter>Source Files</Filter>
    </ClCompile>
    <ClCompile Include="ProtectionState.cpp">
      <Filter>Source Files</Filter>
    </ClCompile>
    <ClCompile Include="StringCipher.cpp">
      <Filter>Source Files</Filter>
    </ClCompile>
    <ClCompile Include="NotificationIcon.cpp">
      <Filter>Source Files</Filter>
    </ClCompile>
    <ClCompile Include="ProtectionUI.cpp">
      <Filter>Source Files</Filter>
    </ClCompile>
    <ClCompile Include="ClientInstanceManager.cpp">
      <Filter>Source Files</Filter>
    </ClCompile>
    <ClCompile Include="AccountVault.cpp">
      <Filter>Source Files</Filter>
    </ClCompile>
    <ClCompile Include="AccountOverlay.cpp">
      <Filter>Source Files</Filter>
    </ClCompile>
    <ClCompile Include="AccountLogin.cpp">
      <Filter>Source Files</Filter>
    </ClCompile>
    <ClCompile Include="VoiceConfig.cpp">
      <Filter>Source Files</Filter>
    </ClCompile>
    <ClCompile Include="VoiceClient.cpp">
      <Filter>Source Files</Filter>
    </ClCompile>
    <ClCompile Include="VoiceCapture.cpp">
      <Filter>Source Files</Filter>
    </ClCompile>
    <ClCompile Include="VoiceLog.cpp">
      <Filter>Source Files</Filter>
    </ClCompile>
    <ClCompile Include="VoicePlayback.cpp">
      <Filter>Source Files</Filter>
    </ClCompile>
    <ClCompile Include="VoiceResampler.cpp">
      <Filter>Source Files</Filter>
    </ClCompile>
    <ClCompile Include="VoiceState.cpp">
      <Filter>Source Files</Filter>
    </ClCompile>
    <ClCompile Include="VoiceOverlay.cpp">
      <Filter>Source Files</Filter>
    </ClCompile>
    <ClCompile Include="ProcessTelemetry.cpp">
      <Filter>Source Files</Filter>
    </ClCompile>
    <ClCompile Include="NexoraDatCrypt.cpp">
      <Filter>Source Files</Filter>
    </ClCompile>
    <ClCompile Include="NexoraDatHook.cpp">
      <Filter>Source Files\Hook</Filter>
    </ClCompile>
  </ItemGroup>
  <ItemGroup>
    <None Include="dsetup.def">
      <Filter>Resource Files</Filter>
    </None>
    <None Include="tray_icon.ico">
      <Filter>Resource Files</Filter>
    </None>
    <None Include="protect_splash.png">
      <Filter>Resource Files</Filter>
    </None>
  </ItemGroup>
  <ItemGroup>
    <ClInclude Include="Hook.h">
      <Filter>Header Files\Hook</Filter>
    </ClInclude>
    <ClInclude Include="resource.h">
      <Filter>Header Files</Filter>
    </ClInclude>
    <ClInclude Include="AntiCheat.h">
      <Filter>Header Files</Filter>
    </ClInclude>
    <ClInclude Include="FileProtection.h">
      <Filter>Header Files</Filter>
    </ClInclude>
    <ClInclude Include="ProtectionState.h">
      <Filter>Header Files</Filter>
    </ClInclude>
    <ClInclude Include="StringCipher.h">
      <Filter>Header Files</Filter>
    </ClInclude>
    <ClInclude Include="NotificationIcon.h">
      <Filter>Header Files</Filter>
    </ClInclude>
    <ClInclude Include="ProtectionUI.h">
      <Filter>Header Files</Filter>
    </ClInclude>
    <ClInclude Include="ClientInstanceManager.h">
      <Filter>Header Files</Filter>
    </ClInclude>
    <ClInclude Include="AccountVault.h">
      <Filter>Header Files</Filter>
    </ClInclude>
    <ClInclude Include="AccountOverlay.h">
      <Filter>Header Files</Filter>
    </ClInclude>
    <ClInclude Include="AccountLogin.h">
      <Filter>Header Files</Filter>
    </ClInclude>
    <ClInclude Include="VoiceConfig.h">
      <Filter>Header Files</Filter>
    </ClInclude>
    <ClInclude Include="VoiceClient.h">
      <Filter>Header Files</Filter>
    </ClInclude>
    <ClInclude Include="VoiceCapture.h">
      <Filter>Header Files</Filter>
    </ClInclude>
    <ClInclude Include="VoiceLog.h">
      <Filter>Header Files</Filter>
    </ClInclude>
    <ClInclude Include="VoicePlayback.h">
      <Filter>Header Files</Filter>
    </ClInclude>
    <ClInclude Include="VoiceResampler.h">
      <Filter>Header Files</Filter>
    </ClInclude>
    <ClInclude Include="VoiceState.h">
      <Filter>Header Files</Filter>
    </ClInclude>
    <ClInclude Include="VoiceOverlay.h">
      <Filter>Header Files</Filter>
    </ClInclude>
    <ClInclude Include="ProcessTelemetry.h">
      <Filter>Header Files</Filter>
    </ClInclude>
    <ClInclude Include="NexoraDatCrypt.h">
      <Filter>Header Files</Filter>
    </ClInclude>
    <ClInclude Include="NexoraDatHook.h">
      <Filter>Header Files\Hook</Filter>
    </ClInclude>
  </ItemGroup>
  <ItemGroup>
    <ResourceCompile Include="resource.rc">
      <Filter>Resource Files</Filter>
    </ResourceCompile>
  </ItemGroup>
</Project>
